
Microsoft Visual Studio Solution File, Format Version 12.00
# Visual Studio Version 17
VisualStudioVersion = 17.13.35931.197 d17.13
MinimumVisualStudioVersion = 10.0.40219.1
Project("{FAE04EC0-301F-11D3-BF4B-00C04F79EFBC}") = "POEOne", "POEOne.csproj", "{4FE99CBD-C62F-4258-87CD-BCDBA8CE346D}"
EndProject
Global
	GlobalSection(SolutionConfigurationPlatforms) = preSolution
		Debug|Any CPU = Debug|Any CPU
		Release|Any CPU = Release|Any CPU
	EndGlobalSection
	GlobalSection(ProjectConfigurationPlatforms) = postSolution
		{4FE99CBD-C62F-4258-87CD-BCDBA8CE346D}.Debug|Any CPU.ActiveCfg = Debug|Any CPU
		{4FE99CBD-C62F-4258-87CD-BCDBA8CE346D}.Debug|Any CPU.Build.0 = Debug|Any CPU
		{4FE99CBD-C62F-4258-87CD-BCDBA8CE346D}.Release|Any CPU.ActiveCfg = Release|Any CPU
		{4FE99CBD-C62F-4258-87CD-BCDBA8CE346D}.Release|Any CPU.Build.0 = Release|Any CPU
	EndGlobalSection
	GlobalSection(SolutionProperties) = preSolution
		HideSolutionNode = FALSE
	EndGlobalSection
	GlobalSection(ExtensibilityGlobals) = postSolution
		SolutionGuid = {A1EDDC85-68B6-46A8-A6F6-2DD00572661C}
	EndGlobalSection
EndGlobal
